
Microsoft Visual Studio Solution File, Format Version 12.00
# Visual Studio Version 16
VisualStudioVersion = 16.0.31624.102
MinimumVisualStudioVersion = 10.0.40219.1
Project("{FAE04EC0-301F-11D3-BF4B-00C04F79EFBC}") = "douleiaDEMO.Android", "douleiaDEMO\douleiaDEMO.Android\douleiaDEMO.Android.csproj", "{C40188DA-972A-4B22-A4A4-A7140F2EF674}"
EndProject
Project("{FAE04EC0-301F-11D3-BF4B-00C04F79EFBC}") = "douleiaDEMO.iOS", "douleiaDEMO\douleiaDEMO.iOS\douleiaDEMO.iOS.csproj", "{4601D223-8AEF-4930-AAB9-5A4E1FA4E05F}"
EndProject
Project("{FAE04EC0-301F-11D3-BF4B-00C04F79EFBC}") = "douleiaDEMO", "douleiaDEMO\douleiaDEMO\douleiaDEMO.csproj", "{40268C49-DEB2-4295-B4BA-C46B6875D7B9}"
EndProject
Global
	GlobalSection(SolutionConfigurationPlatforms) = preSolution
		Debug|Any CPU = Debug|Any CPU
		Debug|iPhone = Debug|iPhone
		Debug|iPhoneSimulator = Debug|iPhoneSimulator
		Release|Any CPU = Release|Any CPU
		Release|iPhone = Release|iPhone
		Release|iPhoneSimulator = Release|iPhoneSimulator
	EndGlobalSection
	GlobalSection(ProjectConfigurationPlatforms) = postSolution
		{C40188DA-972A-4B22-A4A4-A7140F2EF674}.Debug|Any CPU.ActiveCfg = Debug|Any CPU
		{C40188DA-972A-4B22-A4A4-A7140F2EF674}.Debug|Any CPU.Build.0 = Debug|Any CPU
		{C40188DA-972A-4B22-A4A4-A7140F2EF674}.Debug|Any CPU.Deploy.0 = Debug|Any CPU
		{C40188DA-972A-4B22-A4A4-A7140F2EF674}.Debug|iPhone.ActiveCfg = Debug|Any CPU
		{C40188DA-972A-4B22-A4A4-A7140F2EF674}.Debug|iPhone.Build.0 = Debug|Any CPU
		{C40188DA-972A-4B22-A4A4-A7140F2EF674}.Debug|iPhone.Deploy.0 = Debug|Any CPU
		{C40188DA-972A-4B22-A4A4-A7140F2EF674}.Debug|iPhoneSimulator.ActiveCfg = Debug|Any CPU
		{C40188DA-972A-4B22-A4A4-A7140F2EF674}.Debug|iPhoneSimulator.Build.0 = Debug|Any CPU
		{C40188DA-972A-4B22-A4A4-A7140F2EF674}.Debug|iPhoneSimulator.Deploy.0 = Debug|Any CPU
		{C40188DA-972A-4B22-A4A4-A7140F2EF674}.Release|Any CPU.ActiveCfg = Release|Any CPU
		{C40188DA-972A-4B22-A4A4-A7140F2EF674}.Release|Any CPU.Build.0 = Release|Any CPU
		{C40188DA-972A-4B22-A4A4-A7140F2EF674}.Release|Any CPU.Deploy.0 = Release|Any CPU
		{C40188DA-972A-4B22-A4A4-A7140F2EF674}.Release|iPhone.ActiveCfg = Release|Any CPU
		{C40188DA-972A-4B22-A4A4-A7140F2EF674}.Release|iPhone.Build.0 = Release|Any CPU
		{C40188DA-972A-4B22-A4A4-A7140F2EF674}.Release|iPhone.Deploy.0 = Release|Any CPU
		{C40188DA-972A-4B22-A4A4-A7140F2EF674}.Release|iPhoneSimulator.ActiveCfg = Release|Any CPU
		{C40188DA-972A-4B22-A4A4-A7140F2EF674}.Release|iPhoneSimulator.Build.0 = Release|Any CPU
		{C40188DA-972A-4B22-A4A4-A7140F2EF674}.Release|iPhoneSimulator.Deploy.0 = Release|Any CPU
		{4601D223-8AEF-4930-AAB9-5A4E1FA4E05F}.Debug|Any CPU.ActiveCfg = Debug|iPhone
		{4601D223-8AEF-4930-AAB9-5A4E1FA4E05F}.Debug|Any CPU.Build.0 = Debug|iPhone
		{4601D223-8AEF-4930-AAB9-5A4E1FA4E05F}.Debug|Any CPU.Deploy.0 = Debug|iPhone
		{4601D223-8AEF-4930-AAB9-5A4E1FA4E05F}.Debug|iPhone.ActiveCfg = Debug|iPhone
		{4601D223-8AEF-4930-AAB9-5A4E1FA4E05F}.Debug|iPhone.Build.0 = Debug|iPhone
		{4601D223-8AEF-4930-AAB9-5A4E1FA4E05F}.Debug|iPhone.Deploy.0 = Debug|iPhone
		{4601D223-8AEF-4930-AAB9-5A4E1FA4E05F}.Debug|iPhoneSimulator.ActiveCfg = Debug|iPhoneSimulator
		{4601D223-8AEF-4930-AAB9-5A4E1FA4E05F}.Debug|iPhoneSimulator.Build.0 = Debug|iPhoneSimulator
		{4601D223-8AEF-4930-AAB9-5A4E1FA4E05F}.Debug|iPhoneSimulator.Deploy.0 = Debug|iPhoneSimulator
		{4601D223-8AEF-4930-AAB9-5A4E1FA4E05F}.Release|Any CPU.ActiveCfg = Release|iPhoneSimulator
		{4601D223-8AEF-4930-AAB9-5A4E1FA4E05F}.Release|Any CPU.Build.0 = Release|iPhoneSimulator
		{4601D223-8AEF-4930-AAB9-5A4E1FA4E05F}.Release|Any CPU.Deploy.0 = Release|iPhoneSimulator
		{4601D223-8AEF-4930-AAB9-5A4E1FA4E05F}.Release|iPhone.ActiveCfg = Release|iPhone
		{4601D223-8AEF-4930-AAB9-5A4E1FA4E05F}.Release|iPhone.Build.0 = Release|iPhone
		{4601D223-8AEF-4930-AAB9-5A4E1FA4E05F}.Release|iPhone.Deploy.0 = Release|iPhone
		{4601D223-8AEF-4930-AAB9-5A4E1FA4E05F}.Release|iPhoneSimulator.ActiveCfg = Release|iPhoneSimulator
		{4601D223-8AEF-4930-AAB9-5A4E1FA4E05F}.Release|iPhoneSimulator.Build.0 = Release|iPhoneSimulator
		{4601D223-8AEF-4930-AAB9-5A4E1FA4E05F}.Release|iPhoneSimulator.Deploy.0 = Release|iPhoneSimulator
		{40268C49-DEB2-4295-B4BA-C46B6875D7B9}.Debug|Any CPU.ActiveCfg = Debug|Any CPU
		{40268C49-DEB2-4295-B4BA-C46B6875D7B9}.Debug|Any CPU.Build.0 = Debug|Any CPU
		{40268C49-DEB2-4295-B4BA-C46B6875D7B9}.Debug|Any CPU.Deploy.0 = Debug|Any CPU
		{40268C49-DEB2-4295-B4BA-C46B6875D7B9}.Debug|iPhone.ActiveCfg = Debug|Any CPU
		{40268C49-DEB2-4295-B4BA-C46B6875D7B9}.Debug|iPhone.Build.0 = Debug|Any CPU
		{40268C49-DEB2-4295-B4BA-C46B6875D7B9}.Debug|iPhone.Deploy.0 = Debug|Any CPU
		{40268C49-DEB2-4295-B4BA-C46B6875D7B9}.Debug|iPhoneSimulator.ActiveCfg = Debug|Any CPU
		{40268C49-DEB2-4295-B4BA-C46B6875D7B9}.Debug|iPhoneSimulator.Build.0 = Debug|Any CPU
		{40268C49-DEB2-4295-B4BA-C46B6875D7B9}.Debug|iPhoneSimulator.Deploy.0 = Debug|Any CPU
		{40268C49-DEB2-4295-B4BA-C46B6875D7B9}.Release|Any CPU.ActiveCfg = Release|Any CPU
		{40268C49-DEB2-4295-B4BA-C46B6875D7B9}.Release|Any CPU.Build.0 = Release|Any CPU
		{40268C49-DEB2-4295-B4BA-C46B6875D7B9}.Release|Any CPU.Deploy.0 = Release|Any CPU
		{40268C49-DEB2-4295-B4BA-C46B6875D7B9}.Release|iPhone.ActiveCfg = Release|Any CPU
		{40268C49-DEB2-4295-B4BA-C46B6875D7B9}.Release|iPhone.Build.0 = Release|Any CPU
		{40268C49-DEB2-4295-B4BA-C46B6875D7B9}.Release|iPhone.Deploy.0 = Release|Any CPU
		{40268C49-DEB2-4295-B4BA-C46B6875D7B9}.Release|iPhoneSimulator.ActiveCfg = Release|Any CPU
		{40268C49-DEB2-4295-B4BA-C46B6875D7B9}.Release|iPhoneSimulator.Build.0 = Release|Any CPU
		{40268C49-DEB2-4295-B4BA-C46B6875D7B9}.Release|iPhoneSimulator.Deploy.0 = Release|Any CPU
	EndGlobalSection
	GlobalSection(SolutionProperties) = preSolution
		HideSolutionNode = FALSE
	EndGlobalSection
	GlobalSection(ExtensibilityGlobals) = postSolution
		SolutionGuid = {DB49C55D-65EB-492B-BEA4-55A729A02A1F}
	EndGlobalSection
EndGlobal
